<Solution>
  <Project Path="src\Soft_Gestion.UI\Soft_Gestion.UI.vbproj" Id="e5f6a7b8-c9d0-4e1f-2a3b-4c5d6e7f8a9b" DefaultStartup="true" />
  <Project Path="src\Soft_Gestion.Domain\Soft_Gestion.Domain.vbproj" Id="a1b2c3d4-e5f6-4a7b-8c9d-0e1f2a3b4c5d" />
  <Project Path="src\Soft_Gestion.Common\Soft_Gestion.Common.vbproj" Id="b2c3d4e5-f6a7-4b8c-9d0e-1f2a3b4c5d6e" />
  <Project Path="src\Soft_Gestion.Data\Soft_Gestion.Data.vbproj" Id="c3d4e5f6-a7b8-4c9d-0e1f-2a3b4c5d6e7f" />
  <Project Path="src\Soft_Gestion.Business\Soft_Gestion.Business.vbproj" Id="d4e5f6a7-b8c9-4d0e-1f2a-3b4c5d6e7f8a" />
  <Project Path="tools\GenerarHashPassword\GenerarHashPassword.vbproj" Id="f6a7b8c9-d0e1-4f2a-3b4c-5d6e7f8a9b0c" />
</Solution>
